{
  "name": "ai-financial-assistant",
  "version": "0.0.0",
  "lockfileVersion": 3,
  "requires": true,
  "packages": {
    "": {
      "name": "ai-financial-assistant",
      "version": "0.0.0",
      "dependencies": {
        "@google/genai": "^0.12.0",
        "react": "^19.0.0-rc",
        "react-dom": "^19.0.0-rc"
      },
      "devDependencies": {
        "@types/react": "^18.2.0",
        "@types/react-dom": "^18.2.0",
        "@vitejs/plugin-react": "^4.2.1",
        "typescript": "^5.2.2",
        "vite": "^5.2.0"
      }
    },
    "node_modules/@babel/runtime": {
      "version": "7.24.7",
      "resolved": "https://registry.npmjs.org/@babel/runtime/-/runtime-7.24.7.tgz",
      "integrity": "sha512-U21eOB52O03sLd2cMAIwI2jc0veB5UrN6A2o8n3L2zswmePNCVn4KjDHeP+5MEdzOXs5tGoei+M5zSAh2wE2iQ==",
      "dependencies": {
        "regenerator-runtime": "^0.14.0"
      },
      "engines": {
        "node": ">=6.9.0"
      }
    },
    "node_modules/@google/genai": {
      "version": "0.14.0",
      "resolved": "https://registry.npmjs.org/@google/genai/-/genai-0.14.0.tgz",
      "integrity": "sha512-Y147d/k8X60kR67yN2x/Hl08+38CEX2iVfii2f0CCTg76i/E6Ym+2/sR//yS5r1K0X1J8Xf2a632A4/dC8+6xg==",
      "dependencies": {
        "@babel/runtime": "^7.23.9"
      },
      "engines": {
        "node": ">=18.0.0"
      }
    },
    "node_modules/@types/node": {
      "version": "20.14.2",
      "resolved": "https://registry.npmjs.org/@types/node/-/node-20.14.2.tgz",
      "integrity": "sha512-xyu6sSRprrSAfSrH5aTP5Q1IeJ71Pq2vAMvrmcam27Pj2d0eEvFLn2Im/rE2Wo23f6d22v26JjB4w+j02d22DA==",
      "dev": true,
      "dependencies": {
        "undici-types": "~5.26.4"
      }
    },
    "node_modules/@types/prop-types": {
      "version": "15.7.12",
      "resolved": "https://registry.npmjs.org/@types/prop-types/-/prop-types-15.7.12.tgz",
      "integrity": "sha512-5zvhXYS3icfNlvmqgABnzV3rcE1WPMI3Vqs/kAorlM4DEDA23dYv8iimS3FaAzqE7EVejnp8ddz0rYfsZDm9ZA==",
      "dev": true
    },
    "node_modules/@types/react": {
      "version": "18.3.3",
      "resolved": "https://registry.npmjs.org/@types/react/-/react-18.3.3.tgz",
      "integrity": "sha512-hti/R0pS0q1/cpxK327fnJ3YaRh2vcon2pLoC222+I2znOmgWxT/D0T9jBKexC2vjYWOzS2+c2rRjWb+g7OhYg==",
      "dev": true,
      "dependencies": {
        "@types/prop-types": "*",
        "csstype": "^3.0.2"
      }
    },
    "node_modules/@types/react-dom": {
      "version": "18.3.0",
      "resolved": "https://registry.npmjs.org/@types/react-dom/-/react-dom-18.3.0.tgz",
      "integrity": "sha512-eFv231T8weBBl5oSoSG5s8Ik63sE1n1P+ZcrfB22J/yNnM85K3/B5HxlD4h5dSC6LxGyLpvwJbL0L7L4Qv7A/Q==",
      "dev": true,
      "dependencies": {
        "@types/react": "*"
      }
    },
    "node_modules/@vitejs/plugin-react": {
      "version": "4.3.1",
      "resolved": "https://registry.npmjs.org/@vitejs/plugin-react/-/plugin-react-4.3.1.tgz",
      "integrity": "sha512-LgT2TzCg4YyV3K1r4kAC2p2n5r4r/Gj9p7eSXin5iN2k+Syk+Ab2gxhS4bM4pT/y4gS3zJc19nRbvUqQx25z6Q==",
      "dev": true,
      "peerDependencies": {
        "react": ">=16.8.0",
        "react-dom": ">=16.8.0",
        "vite": "^3.0.0 || ^4.0.0 || ^5.0.0"
      },
      "peerDependenciesMeta": {
        "react": {
          "optional": true
        },
        "react-dom": {
          "optional": true
        }
      }
    },
    "node_modules/csstype": {
      "version": "3.1.3",
      "resolved": "https://registry.npmjs.org/csstype/-/csstype-3.1.3.tgz",
      "integrity": "sha512-M1uQkMl8r3FEeGbsV7LTmLomDnp0sSMiT4gBfIj4H1JeTdFqxyAiUeGd1oA9kLJU3CYI3sV+lBbn1j2StupsgA==",
      "dev": true
    },
    "node_modules/esbuild": {
      "version": "0.21.5",
      "resolved": "https://registry.npmjs.org/esbuild/-/esbuild-0.21.5.tgz",
      "integrity": "sha512-T33S3bE5ws69x+FNVbCkBdm4zcq4d2sPBNLp849UjDNeax+4Er3FmiHmsi+za+Qp5y4qfW3YSK1jIba4pC29Ug==",
      "dev": true,
      "hasInstallScript": true,
      "optional": true,
      "os": [
        "darwin",
        "freebsd",
        "linux",
        "netbsd",
        "openbsd",
        "win32"
      ],
      "engines": {
        "node": ">=12"
      }
    },
    "node_modules/fsevents": {
      "version": "2.3.3",
      "resolved": "https://registry.npmjs.org/fsevents/-/fsevents-2.3.3.tgz",
      "integrity": "sha512-5xoDfX+fL7faATnagmWPpbFtwh/R77+B7mPicscg42rTMPsF0VBikRTi+pcdqMsIwm361bAGaluxKhpdSPIZDA==",
      "dev": true,
      "hasInstallScript": true,
      "optional": true,
      "os": [
        "darwin"
      ],
      "engines": {
        "node": "^8.16.0 || ^10.6.0 || >=11.0.0"
      }
    },
    "node_modules/js-tokens": {
      "version": "4.0.0",
      "resolved": "https://registry.npmjs.org/js-tokens/-/js-tokens-4.0.0.tgz",
      "integrity": "sha512-RdJUflcE3cUzKiMqQgsCu06FPu9UdIJO0beYbPhHN4k6apgJtifcoCtT9bcxOpYBtpD2kCM6Sbzg4CausW/PKQ==",
      "peer": true
    },
    "node_modules/loose-envify": {
      "version": "1.4.0",
      "resolved": "https://registry.npmjs.org/loose-envify/-/loose-envify-1.4.0.tgz",
      "integrity": "sha512-lyuxPGr/Wfhrlem2CL/UcnUc1zcqKAImBDzukY7Y5F/yQiNdko6+fRLevlw1HgMySw7f611UIY408EtxRSoK3Q==",
      "hasInstallScript": true,
      "dependencies": {
        "js-tokens": "^3.0.0 || ^4.0.0"
      },
      "bin": {
        "loose-envify": "cli.js"
      }
    },
    "node_modules/nanoid": {
      "version": "3.3.7",
      "resolved": "https://registry.npmjs.org/nanoid/-/nanoid-3.3.7.tgz",
      "integrity": "sha512-eSP3bVSSYg6DrsFWY2nQef3xOdQCh3w3P1vR11+4so8a7s42533i3KV2a2ql3xfNU/HSSV2WwPszs5aNbyi2vQ==",
      "dev": true,
      "bin": {
        "nanoid": "bin/nanoid.js"
      },
      "engines": {
        "node": "^10 || ^12 || ^13.7 || ^14 || >=15.0.1"
      }
    },
    "node_modules/picocolors": {
      "version": "1.0.1",
      "resolved": "https://registry.npmjs.org/picocolors/-/picocolors-1.0.1.tgz",
      "integrity": "sha512-anP1Z8qwhCfnzwO13+5/aM1KZTEeP28geao4i2B5iG2kK/i2GjMU4OFoRO18dLSzIYSvQvXmE/G3fNpl+xST3A==",
      "dev": true
    },
    "node_modules/postcss": {
      "version": "8.4.38",
      "resolved": "https://registry.npmjs.org/postcss/-/postcss-8.4.38.tgz",
      "integrity": "sha512-W+2JtQIWvpFXxABoO/Mp8s2i+hRUHn7v/XkWp/3IyfsHsa/DR/h5/LqsThJ0rGgOh/emA3h8yoLNLJ/o1sNCTA==",
      "dev": true,
      "dependencies": {
        "nanoid": "^3.3.7",
        "picocolors": "^1.0.0",
        "source-map-js": "^1.2.0"
      },
      "engines": {
        "node": "^10 || ^12 || >=14"
      }
    },
    "node_modules/react": {
      "version": "19.0.0-rc.0",
      "resolved": "https://registry.npmjs.org/react/-/react-19.0.0-rc.0.tgz",
      "integrity": "sha512-HYU3l8QSwYkJ2D1j9aK32vP8eNNGgGZJzL7QfA1F2A7Bh99i5jVf3kQz8EHiFkLdPIPSZkKZ2g+aV2IuG1z5w==",
      "dependencies": {
        "loose-envify": "^1.1.0"
      },
      "engines": {
        "node": ">=18.0.0"
      }
    },
    "node_modules/react-dom": {
      "version": "19.0.0-rc.0",
      "resolved": "https://registry.npmjs.org/react-dom/-/react-dom-19.0.0-rc.0.tgz",
      "integrity": "sha512-8hYv5lB7lPMMXk2tJk4y2f21WgiXfQ/3GqXLPvE80wW9C/hBwkd+PM1Cs/6902Z9y64bYk5zYmY2fN2DCMQ65Q==",
      "dependencies": {
        "loose-envify": "^1.1.0",
        "scheduler": "^0.24.0-rc.0"
      },
      "peerDependencies": {
        "react": "^19.0.0-rc.0"
      }
    },
    "node_modules/regenerator-runtime": {
      "version": "0.14.1",
      "resolved": "https://registry.npmjs.org/regenerator-runtime/-/regenerator-runtime-0.14.1.tgz",
      "integrity": "sha512-dYnhHh0nJoMfnkZs6GmmhFknAGRrLznOu5nc9ML+EJxGvrx6H7teuevqVqCuPcPK//3eDrrjQhehXVx9cnkGdw=="
    },
    "node_modules/rollup": {
      "version": "4.18.0",
      "resolved": "https://registry.npmjs.org/rollup/-/rollup-4.18.0.tgz",
      "integrity": "sha512-QcK+c/XRGk7Fp6S5+AflAlM8x7/Ub22VHe+4cM2vex41s2DIdwJcgrV7T2dK4xURK1nFjdn3gVjHl5/b2p6A0Q==",
      "dev": true,
      "hasInstallScript": true,
      "bin": {
        "rollup": "dist/bin/rollup"
      },
      "engines": {
        "node": ">=18.0.0",
        "npm": ">=8.0.0"
      },
      "optionalDependencies": {
        "@rollup/rollup-android-arm-eabi": "4.18.0",
        "@rollup/rollup-android-arm64": "4.18.0",
        "@rollup/rollup-darwin-arm64": "4.18.0",
        "@rollup/rollup-darwin-x64": "4.18.0",
        "@rollup/rollup-linux-arm-gnueabihf": "4.18.0",
        "@rollup/rollup-linux-arm64-gnu": "4.18.0",
        "@rollup/rollup-linux-arm64-musl": "4.18.0",
        "@rollup/rollup-linux-x64-gnu": "4.18.0",
        "@rollup/rollup-linux-x64-musl": "4.18.0",
        "@rollup/rollup-win32-arm64-msvc": "4.18.0",
        "@rollup/rollup-win32-ia32-msvc": "4.18.0",
        "@rollup/rollup-win32-x64-msvc": "4.18.0",
        "fsevents": "~2.3.2"
      }
    },
    "node_modules/rollup/node_modules/@rollup/rollup-android-arm-eabi": {
      "version": "4.18.0",
      "resolved": "https://registry.npmjs.org/@rollup/rollup-android-arm-eabi/-/rollup-android-arm-eabi-4.18.0.tgz",
      "integrity": "sha512-pU7o/R01L1w08o3PZg/1H4tY/WbJmK003fWkHkU8eHh3rJj+y/0l3E0/95H785wI9VYYB37I2K87f0b5A==",
      "cpu": [
        "arm"
      ],
      "dev": true,
      "optional": true,
      "os": [
        "android"
      ],
      "engines": {
        "node": ">=18.0.0",
        "npm": ">=8.0.0"
      }
    },
    "node_modules/rollup/node_modules/@rollup/rollup-android-arm64": {
      "version": "4.18.0",
      "resolved": "https://registry.npmjs.org/@rollup/rollup-android-arm64/-/rollup-android-arm64-4.18.0.tgz",
      "integrity": "sha512-TGYn14T3XyV5qOsuRpqzPIM/o3hXmpeFqF6eL3m2cR1Wj0jJ44qTjYFkC5T31uEa0j1V56+S10K1sT18b9589A==",
      "cpu": [
        "arm64"
      ],
      "dev": true,
      "optional": true,
      "os": [
        "android"
      ],
      "engines": {
        "node": ">=18.0.0",
        "npm": ">=8.0.0"
      }
    },
    "node_modules/rollup/node_modules/@rollup/rollup-darwin-arm64": {
      "version": "4.18.0",
      "resolved": "https://registry.npmjs.org/@rollup/rollup-darwin-arm64/-/rollup-darwin-arm64-4.18.0.tgz",
      "integrity": "sha512-Sg2D8DkLd5bHUtm9m7tH3i2F2f63PjTf0rLAvVcD7wXv40fD2/vT8s0r8Wp2n3y5I/P3MTSQxV02yU53IA==",
      "cpu": [
        "arm64"
      ],
      "dev": true,
      "optional": true,
      "os": [
        "darwin"
      ],
      "engines": {
        "node": ">=18.0.0",
        "npm": ">=8.0.0"
      }
    },
    "node_modules/rollup/node_modules/@rollup/rollup-darwin-x64": {
      "version": "4.18.0",
      "resolved": "https://registry.npmjs.org/@rollup/rollup-darwin-x64/-/rollup-darwin-x64-4.18.0.tgz",
      "integrity": "sha512-uG3gOZFw2XNCTB3lH/JjN/GfLwVq22tE25n1IeA/39dYt2f5kS2mO6VjM84J7E+qEk1oE7Q+c830gQ==",
      "cpu": [
        "x64"
      ],
      "dev": true,
      "optional": true,
      "os": [
        "darwin"
      ],
      "engines": {
        "node": ">=18.0.0",
        "npm": ">=8.0.0"
      }
    },
    "node_modules/rollup/node_modules/@rollup/rollup-linux-arm-gnueabihf": {
      "version": "4.18.0",
      "resolved": "https://registry.npmjs.org/@rollup/rollup-linux-arm-gnueabihf/-/rollup-linux-arm-gnueabihf-4.18.0.tgz",
      "integrity": "sha512-Rz1p9n/W5y/9kHk3y/7Lz92G17w+7k21kQeD/3u8vW/5t9bW+2yHkC5T3/c2hOIGpY/l2fUjLAD2uSjLw==",
      "cpu": [
        "arm"
      ],
      "dev": true,
      "optional": true,
      "os": [
        "linux"
      ],
      "engines": {
        "node": ">=18.0.0",
        "npm": ">=8.0.0"
      }
    },
    "node_modules/rollup/node_modules/@rollup/rollup-linux-arm64-gnu": {
      "version": "4.18.0",
      "resolved": "https://registry.npmjs.org/@rollup/rollup-linux-arm64-gnu/-/rollup-linux-arm64-gnu-4.18.0.tgz",
      "integrity": "sha512-6W5mYV79/k6K4Pj8T2o10IeG4o3kQcWw6Y/n+Fv1e76Vp0j4b73F5OkhyBq8Gg+g4HUZ0VvKQlqLw+h1A==",
      "cpu": [
        "arm64"
      ],
      "dev": true,
      "optional": true,
      "os": [
        "linux"
      ],
      "engines": {
        "node": ">=18.0.0",
        "npm": ">=8.0.0"
      }
    },
    "node_modules/rollup/node_modules/@rollup/rollup-linux-arm64-musl": {
      "version": "4.18.0",
      "resolved": "https://registry.npmjs.org/@rollup/rollup-linux-arm64-musl/-/rollup-linux-arm64-musl-4.18.0.tgz",
      "integrity": "sha512-Vn1m3Cg51E4hUOyUq7G6t+X5303O++bof8H+f6F6qXpA8b0lWJ3t9N47l2c/7zW348v8L0yVp+p00/2oMw==",
      "cpu": [
        "arm64"
      ],
      "dev": true,
      "optional": true,
      "os": [
        "linux"
      ],
      "engines": {
        "node": ">=18.0.0",
        "npm": ">=8.0.0"
      }
    },
    "node_modules/rollup/node_modules/@rollup/rollup-linux-x64-gnu": {
      "version": "4.18.0",
      "resolved": "https://registry.npmjs.org/@rollup/rollup-linux-x64-gnu/-/rollup-linux-x64-gnu-4.18.0.tgz",
      "integrity": "sha512-jD9Vq68zS8qXn47Kz+9C8eGf/v/2iG2R+wWbF3lZ/1381L5yXy/R7dMtcKkE0aX/x7X4Wn91z26pY4iYQ==",
      "cpu": [
        "x64"
      ],
      "dev": true,
      "optional": true,
      "os": [
        "linux"
      ],
      "engines": {
        "node": ">=18.0.0",
        "npm": ">=8.0.0"
      }
    },
    "node_modules/rollup/node_modules/@rollup/rollup-linux-x64-musl": {
      "version": "4.18.0",
      "resolved": "https://registry.npmjs.org/@rollup/rollup-linux-x64-musl/-/rollup-linux-x64-musl-4.18.0.tgz",
      "integrity": "sha512-Y3U4GfH+zR+f2uE0m/lTlpW5P5BZwG89K5D7vX+t8Bf3yNf5W+Hk38Vb+c5FkGxbKbCfbh48rQeWv710w==",
      "cpu": [
        "x64"
      ],
      "dev": true,
      "optional": true,
      "os": [
        "linux"
      ],
      "engines": {
        "node": ">=18.0.0",
        "npm": ">=8.0.0"
      }
    },
    "node_modules/rollup/node_modules/@rollup/rollup-win32-arm64-msvc": {
      "version": "4.18.0",
      "resolved": "https://registry.npmjs.org/@rollup/rollup-win32-arm64-msvc/-/rollup-win32-arm64-msvc-4.18.0.tgz",
      "integrity": "sha512-XkUuY1hV4tYvD/4Y3l53KFTb+JjUf4I+QYJbr+tF4mK0t2xcrq9pWn/60P+D0/eJjM3rY/b4o1f0x1q46A==",
      "cpu": [
        "arm64"
      ],
      "dev": true,
      "optional": true,
      "os": [
        "win32"
      ],
      "engines": {
        "node": ">=18.0.0",
        "npm": ">=8.0.0"
      }
    },
    "node_modules/rollup/node_modules/@rollup/rollup-win32-ia32-msvc": {
      "version": "4.18.0",
      "resolved": "https://registry.npmjs.org/@rollup/rollup-win32-ia32-msvc/-/rollup-win32-ia32-msvc-4.18.0.tgz",
      "integrity": "sha512-e7f0tP9u9+a92M9rLqgZp9U33s/A4zD8Mbg7KjCj0c62TfwQkswU3y2t6H//P5S/8I1h9KdsH5kU0/G8zA==",
      "cpu": [
        "ia32"
      ],
      "dev": true,
      "optional": true,
      "os": [
        "win32"
      ],
      "engines": {
        "node": ">=18.0.0",
        "npm": ">=8.0.0"
      }
    },
    "node_modules/rollup/node_modules/@rollup/rollup-win32-x64-msvc": {
      "version": "4.18.0",
      "resolved": "https://registry.npmjs.org/@rollup/rollup-win32-x64-msvc/-/rollup-win32-x64-msvc-4.18.0.tgz",
      "integrity": "sha512-J/4lq4m7Tz27a/lQn0pA4/CgtfBWMp/L0iTAYTnUG2//10l5vCRr+Wlsm8vjWd+Mvjowz58kMW1A+3dY4j8K5Q==",
      "cpu": [
        "x64"
      ],
      "dev": true,
      "optional": true,
      "os": [
        "win32"
      ],
      "engines": {
        "node": ">=18.0.0",
        "npm": ">=8.0.0"
      }
    },
    "node_modules/scheduler": {
      "version": "0.24.0-rc.0",
      "resolved": "https://registry.npmjs.org/scheduler/-/scheduler-0.24.0-rc.0.tgz",
      "integrity": "sha512-4YRj38R01zDORzx6T3aI3LwJ+122IvrBPMpDk2yBr3iM22aFCe8aGk7MvEzEa/hGkKaD4M3Qmn54228cCAz43g==",
      "dependencies": {
        "loose-envify": "^1.1.0"
      }
    },
    "node_modules/source-map-js": {
      "version": "1.2.0",
      "resolved": "https://registry.npmjs.org/source-map-js/-/source-map-js-1.2.0.tgz",
      "integrity": "sha512-itJW8lvSA0imCmpzK4C6kTVATsigS5h6OK/rS+fklGQTqIM1y2D3pzS20z5+Inqg9122n2t53zKQ8A3Fm4G2iQ==",
      "dev": true,
      "engines": {
        "node": ">=0.10.0"
      }
    },
    "node_modules/typescript": {
      "version": "5.4.5",
      "resolved": "https://registry.npmjs.org/typescript/-/typescript-5.4.5.tgz",
      "integrity": "sha512-vcI4UpRgg81oXqd8ENYLdtbeH30i+sQ0UlNBUNDO91okOu/Fn0T3PA8bz23KbdpQ9/bTe922N7XEXss9iEfQIg==",
      "dev": true,
      "bin": {
        "tsc": "bin/tsc",
        "tsserver": "bin/tsserver"
      },
      "engines": {
        "node": ">=14.17"
      }
    },
    "node_modules/undici-types": {
      "version": "5.26.5",
      "resolved": "https://registry.npmjs.org/undici-types/-/undici-types-5.26.5.tgz",
      "integrity": "sha512-JlCMO+ehdEIKqlFxk6IfVoAUVmgz7cU7zD/h9XZ0qzeosSHmUJVOzSQvvYSYWXkFXC+IfLKSIffhv0sVZup6pA==",
      "dev": true
    },
    "node_modules/vite": {
      "version": "5.3.1",
      "resolved": "https://registry.npmjs.org/vite/-/vite-5.3.1.tgz",
      "integrity": "sha512-g2wM2gOcgk0s1tJPE30BNiTvh2nK4Vw4LOs7v9R1+eSnqgTFl23CAbm4i1F/Kqg5o1I3JcRIzAwXFkgnKk/vSA==",
      "dev": true,
      "hasInstallScript": true,
      "dependencies": {
        "esbuild": "^0.21.4",
        "postcss": "^8.4.38",
        "rollup": "^4.17.2"
      },
      "bin": {
        "vite": "bin/vite.js"
      },
      "engines": {
        "node": "^18.0.0 || >=20.0.0"
      },
      "optionalDependencies": {
        "fsevents": "~2.3.3"
      },
      "peerDependencies": {
        "@types/node": ">=18.0.0",
        "less": "*",
        "lightningcss": ">=1.21.0",
        "sass": "*",
        "stylus": "*",
        "sugarss": "*",
        "terser": ">=5.4.0"
      },
      "peerDependenciesMeta": {
        "@types/node": {
          "optional": true
        },
        "less": {
          "optional": true
        },
        "lightningcss": {
          "optional": true
        },
        "sass": {
          "optional": true
        },
        "stylus": {
          "optional": true
        },
        "sugarss": {
          "optional": true
        },
        "terser": {
          "optional": true
        }
      }
    }
  }
}